
Microsoft Visual Studio Solution File, Format Version 12.00
# Visual Studio Version 16
VisualStudioVersion = 16.0.30011.22
MinimumVisualStudioVersion = 10.0.40219.1
Project("{FAE04EC0-301F-11D3-BF4B-00C04F79EFBC}") = "Labcorp.CodingTest.Web", "Labcorp.CodingTest.Web\Labcorp.CodingTest.Web.csproj", "{D6EC3534-88F2-4858-B229-F31ECF9D2A50}"
EndProject
Project("{FAE04EC0-301F-11D3-BF4B-00C04F79EFBC}") = "Labcorp.CodingTest.Contract", "Labcorp.CodingTest.Contract\Labcorp.CodingTest.Contract.csproj", "{B0718227-0270-4BE2-918E-CDCE70AA33FE}"
EndProject
Project("{FAE04EC0-301F-11D3-BF4B-00C04F79EFBC}") = "Labcorp.CodingTest.Domain", "Labcorp.CodingTest.Domain\Labcorp.CodingTest.Domain.csproj", "{BAFCAB06-F0A4-494A-9152-220A32A5CEF8}"
EndProject
Global
	GlobalSection(SolutionConfigurationPlatforms) = preSolution
		Debug|Any CPU = Debug|Any CPU
		Release|Any CPU = Release|Any CPU
	EndGlobalSection
	GlobalSection(ProjectConfigurationPlatforms) = postSolution
		{D6EC3534-88F2-4858-B229-F31ECF9D2A50}.Debug|Any CPU.ActiveCfg = Debug|Any CPU
		{D6EC3534-88F2-4858-B229-F31ECF9D2A50}.Debug|Any CPU.Build.0 = Debug|Any CPU
		{D6EC3534-88F2-4858-B229-F31ECF9D2A50}.Release|Any CPU.ActiveCfg = Release|Any CPU
		{D6EC3534-88F2-4858-B229-F31ECF9D2A50}.Release|Any CPU.Build.0 = Release|Any CPU
		{B0718227-0270-4BE2-918E-CDCE70AA33FE}.Debug|Any CPU.ActiveCfg = Debug|Any CPU
		{B0718227-0270-4BE2-918E-CDCE70AA33FE}.Debug|Any CPU.Build.0 = Debug|Any CPU
		{B0718227-0270-4BE2-918E-CDCE70AA33FE}.Release|Any CPU.ActiveCfg = Release|Any CPU
		{B0718227-0270-4BE2-918E-CDCE70AA33FE}.Release|Any CPU.Build.0 = Release|Any CPU
		{BAFCAB06-F0A4-494A-9152-220A32A5CEF8}.Debug|Any CPU.ActiveCfg = Debug|Any CPU
		{BAFCAB06-F0A4-494A-9152-220A32A5CEF8}.Debug|Any CPU.Build.0 = Debug|Any CPU
		{BAFCAB06-F0A4-494A-9152-220A32A5CEF8}.Release|Any CPU.ActiveCfg = Release|Any CPU
		{BAFCAB06-F0A4-494A-9152-220A32A5CEF8}.Release|Any CPU.Build.0 = Release|Any CPU
	EndGlobalSection
	GlobalSection(SolutionProperties) = preSolution
		HideSolutionNode = FALSE
	EndGlobalSection
	GlobalSection(ExtensibilityGlobals) = postSolution
		SolutionGuid = {EBEACB20-6986-4E64-AD78-7BAC7FD7F08E}
	EndGlobalSection
EndGlobal
